
Microsoft Visual Studio Solution File, Format Version 12.00
# Visual Studio Version 17
VisualStudioVersion = 17.6.33723.286
MinimumVisualStudioVersion = 10.0.40219.1
Project("{FAE04EC0-301F-11D3-BF4B-00C04F79EFBC}") = "JWT_Auth_Demo", "JWT_Auth_Demo\JWT_Auth_Demo.csproj", "{7155EF9D-7D54-4D82-9D28-D84001ACFD93}"
EndProject
Global
	GlobalSection(SolutionConfigurationPlatforms) = preSolution
		Debug|Any CPU = Debug|Any CPU
		Release|Any CPU = Release|Any CPU
	EndGlobalSection
	GlobalSection(ProjectConfigurationPlatforms) = postSolution
		{7155EF9D-7D54-4D82-9D28-D84001ACFD93}.Debug|Any CPU.ActiveCfg = Debug|Any CPU
		{7155EF9D-7D54-4D82-9D28-D84001ACFD93}.Debug|Any CPU.Build.0 = Debug|Any CPU
		{7155EF9D-7D54-4D82-9D28-D84001ACFD93}.Release|Any CPU.ActiveCfg = Release|Any CPU
		{7155EF9D-7D54-4D82-9D28-D84001ACFD93}.Release|Any CPU.Build.0 = Release|Any CPU
	EndGlobalSection
	GlobalSection(SolutionProperties) = preSolution
		HideSolutionNode = FALSE
	EndGlobalSection
	GlobalSection(ExtensibilityGlobals) = postSolution
		SolutionGuid = {CF7FB110-815B-446B-B905-2A732FEAC4AA}
	EndGlobalSection
EndGlobal
